// !$*UTF8*$!
{
	archiveVersion = 1;
	classes = {
	};
	objectVersion = 56;
	objects = {

/* Begin PBXBuildFile section */
		3F02CAA02E786EE500011C56 /* theme.swift in Sources */ = {isa = PBXBuildFile; fileRef = 3F02CA9F2E786EDF00011C56 /* theme.swift */; };
		3F02CAA22E786EFC00011C56 /* environment.swift in Sources */ = {isa = PBXBuildFile; fileRef = 3F02CAA12E786EF700011C56 /* environment.swift */; };
		3F02CAA42E786F1700011C56 /* styles.swift in Sources */ = {isa = PBXBuildFile; fileRef = 3F02CAA32E786F1100011C56 /* styles.swift */; };
		3F02CAAA2E7871F200011C56 /* session.swift in Sources */ = {isa = PBXBuildFile; fileRef = 3F02CAA92E7871EF00011C56 /* session.swift */; };
		3F02CAAC2E7872A900011C56 /* models.swift in Sources */ = {isa = PBXBuildFile; fileRef = 3F02CAAB2E7872A700011C56 /* models.swift */; };
		3F02CAB02E78738700011C56 /* dto.swift in Sources */ = {isa = PBXBuildFile; fileRef = 3F02CAAF2E78738300011C56 /* dto.swift */; };
		3F02CAB82E7876FA00011C56 /* JSONLoader.swift in Sources */ = {isa = PBXBuildFile; fileRef = 3F02CAB72E7876F300011C56 /* JSONLoader.swift */; };
		3F02CABA2E787CC300011C56 /* cars.json in Resources */ = {isa = PBXBuildFile; fileRef = 3F02CAB92E787CC300011C56 /* cars.json */; };
		3F02CABC2E788AD600011C56 /* tabs.swift in Sources */ = {isa = PBXBuildFile; fileRef = 3F02CABB2E788AD200011C56 /* tabs.swift */; };
		3FF1EED92E731A8400A7F0BA /* CarDealerApp.swift in Sources */ = {isa = PBXBuildFile; fileRef = 3FF1EED82E731A8400A7F0BA /* CarDealerApp.swift */; };
		3FF1EEDB2E731A8400A7F0BA /* ContentView.swift in Sources */ = {isa = PBXBuildFile; fileRef = 3FF1EEDA2E731A8400A7F0BA /* ContentView.swift */; };
		3FF1EEDD2E731A8500A7F0BA /* Assets.xcassets in Resources */ = {isa = PBXBuildFile; fileRef = 3FF1EEDC2E731A8500A7F0BA /* Assets.xcassets */; };
		3FF1EEE02E731A8500A7F0BA /* Preview Assets.xcassets in Resources */ = {isa = PBXBuildFile; fileRef = 3FF1EEDF2E731A8500A7F0BA /* Preview Assets.xcassets */; };
		3FF1EEEA2E731A8500A7F0BA /* CarDealerTests.swift in Sources */ = {isa = PBXBuildFile; fileRef = 3FF1EEE92E731A8500A7F0BA /* CarDealerTests.swift */; };
		3FF1EEF42E731A8500A7F0BA /* CarDealerUITests.swift in Sources */ = {isa = PBXBuildFile; fileRef = 3FF1EEF32E731A8500A7F0BA /* CarDealerUITests.swift */; };
		3FF1EEF62E731A8500A7F0BA /* CarDealerUITestsLaunchTests.swift in Sources */ = {isa = PBXBuildFile; fileRef = 3FF1EEF52E731A8500A7F0BA /* CarDealerUITestsLaunchTests.swift */; };
		3FF1EF392E731DF800A7F0BA /* signInView.swift in Sources */ = {isa = PBXBuildFile; fileRef = 3FF1EF382E731DF800A7F0BA /* signInView.swift */; };
		3FF1EF3B2E731E0B00A7F0BA /* ProfileView.swift in Sources */ = {isa = PBXBuildFile; fileRef = 3FF1EF3A2E731E0B00A7F0BA /* ProfileView.swift */; };
		3FF1EF3D2E733F3D00A7F0BA /* carCatalogueView.swift in Sources */ = {isa = PBXBuildFile; fileRef = 3FF1EF3C2E733F3D00A7F0BA /* carCatalogueView.swift */; };
		3FF1EF3F2E733F5800A7F0BA /* carListingView.swift in Sources */ = {isa = PBXBuildFile; fileRef = 3FF1EF3E2E733F5800A7F0BA /* carListingView.swift */; };
/* End PBXBuildFile section */

/* Begin PBXContainerItemProxy section */
		3FF1EEE62E731A8500A7F0BA /* PBXContainerItemProxy */ = {
			isa = PBXContainerItemProxy;
			containerPortal = 3FF1EECD2E731A8400A7F0BA /* Project object */;
			proxyType = 1;
			remoteGlobalIDString = 3FF1EED42E731A8400A7F0BA;
			remoteInfo = CarDealer;
		};
		3FF1EEF02E731A8500A7F0BA /* PBXContainerItemProxy */ = {
			isa = PBXContainerItemProxy;
			containerPortal = 3FF1EECD2E731A8400A7F0BA /* Project object */;
			proxyType = 1;
			remoteGlobalIDString = 3FF1EED42E731A8400A7F0BA;
			remoteInfo = CarDealer;
		};
/* End PBXContainerItemProxy section */

/* Begin PBXFileReference section */
		3F02CA9F2E786EDF00011C56 /* theme.swift */ = {isa = PBXFileReference; lastKnownFileType = sourcecode.swift; path = theme.swift; sourceTree = "<group>"; };
		3F02CAA12E786EF700011C56 /* environment.swift */ = {isa = PBXFileReference; lastKnownFileType = sourcecode.swift; path = environment.swift; sourceTree = "<group>"; };
		3F02CAA32E786F1100011C56 /* styles.swift */ = {isa = PBXFileReference; lastKnownFileType = sourcecode.swift; path = styles.swift; sourceTree = "<group>"; };
		3F02CAA92E7871EF00011C56 /* session.swift */ = {isa = PBXFileReference; lastKnownFileType = sourcecode.swift; path = session.swift; sourceTree = "<group>"; };
		3F02CAAB2E7872A700011C56 /* models.swift */ = {isa = PBXFileReference; lastKnownFileType = sourcecode.swift; path = models.swift; sourceTree = "<group>"; };
		3F02CAAF2E78738300011C56 /* dto.swift */ = {isa = PBXFileReference; lastKnownFileType = sourcecode.swift; path = dto.swift; sourceTree = "<group>"; };
		3F02CAB72E7876F300011C56 /* JSONLoader.swift */ = {isa = PBXFileReference; lastKnownFileType = sourcecode.swift; path = JSONLoader.swift; sourceTree = "<group>"; };
		3F02CAB92E787CC300011C56 /* cars.json */ = {isa = PBXFileReference; lastKnownFileType = text.json; path = cars.json; sourceTree = "<group>"; };
		3F02CABB2E788AD200011C56 /* tabs.swift */ = {isa = PBXFileReference; lastKnownFileType = sourcecode.swift; path = tabs.swift; sourceTree = "<group>"; };
		3FF1EED52E731A8400A7F0BA /* CarDealer.app */ = {isa = PBXFileReference; explicitFileType = wrapper.application; includeInIndex = 0; path = CarDealer.app; sourceTree = BUILT_PRODUCTS_DIR; };
		3FF1EED82E731A8400A7F0BA /* CarDealerApp.swift */ = {isa = PBXFileReference; lastKnownFileType = sourcecode.swift; path = CarDealerApp.swift; sourceTree = "<group>"; };
		3FF1EEDA2E731A8400A7F0BA /* ContentView.swift */ = {isa = PBXFileReference; lastKnownFileType = sourcecode.swift; path = ContentView.swift; sourceTree = "<group>"; };
		3FF1EEDC2E731A8500A7F0BA /* Assets.xcassets */ = {isa = PBXFileReference; lastKnownFileType = folder.assetcatalog; path = Assets.xcassets; sourceTree = "<group>"; };
		3FF1EEDF2E731A8500A7F0BA /* Preview Assets.xcassets */ = {isa = PBXFileReference; lastKnownFileType = folder.assetcatalog; path = "Preview Assets.xcassets"; sourceTree = "<group>"; };
		3FF1EEE52E731A8500A7F0BA /* CarDealerTests.xctest */ = {isa = PBXFileReference; explicitFileType = wrapper.cfbundle; includeInIndex = 0; path = CarDealerTests.xctest; sourceTree = BUILT_PRODUCTS_DIR; };
		3FF1EEE92E731A8500A7F0BA /* CarDealerTests.swift */ = {isa = PBXFileReference; lastKnownFileType = sourcecode.swift; path = CarDealerTests.swift; sourceTree = "<group>"; };
		3FF1EEEF2E731A8500A7F0BA /* CarDealerUITests.xctest */ = {isa = PBXFileReference; explicitFileType = wrapper.cfbundle; includeInIndex = 0; path = CarDealerUITests.xctest; sourceTree = BUILT_PRODUCTS_DIR; };
		3FF1EEF32E731A8500A7F0BA /* CarDealerUITests.swift */ = {isa = PBXFileReference; lastKnownFileType = sourcecode.swift; path = CarDealerUITests.swift; sourceTree = "<group>"; };
		3FF1EEF52E731A8500A7F0BA /* CarDealerUITestsLaunchTests.swift */ = {isa = PBXFileReference; lastKnownFileType = sourcecode.swift; path = CarDealerUITestsLaunchTests.swift; sourceTree = "<group>"; };
		3FF1EF382E731DF800A7F0BA /* signInView.swift */ = {isa = PBXFileReference; lastKnownFileType = sourcecode.swift; path = signInView.swift; sourceTree = "<group>"; };
		3FF1EF3A2E731E0B00A7F0BA /* ProfileView.swift */ = {isa = PBXFileReference; lastKnownFileType = sourcecode.swift; path = ProfileView.swift; sourceTree = "<group>"; };
		3FF1EF3C2E733F3D00A7F0BA /* carCatalogueView.swift */ = {isa = PBXFileReference; lastKnownFileType = sourcecode.swift; path = carCatalogueView.swift; sourceTree = "<group>"; };
		3FF1EF3E2E733F5800A7F0BA /* carListingView.swift */ = {isa = PBXFileReference; lastKnownFileType = sourcecode.swift; path = carListingView.swift; sourceTree = "<group>"; };
/* End PBXFileReference section */

/* Begin PBXFrameworksBuildPhase section */
		3FF1EED22E731A8400A7F0BA /* Frameworks */ = {
			isa = PBXFrameworksBuildPhase;
			buildActionMask = 2147483647;
			files = (
			);
			runOnlyForDeploymentPostprocessing = 0;
		};
		3FF1EEE22E731A8500A7F0BA /* Frameworks */ = {
			isa = PBXFrameworksBuildPhase;
			buildActionMask = 2147483647;
			files = (
			);
			runOnlyForDeploymentPostprocessing = 0;
		};
		3FF1EEEC2E731A8500A7F0BA /* Frameworks */ = {
			isa = PBXFrameworksBuildPhase;
			buildActionMask = 2147483647;
			files = (
			);
			runOnlyForDeploymentPostprocessing = 0;
		};
/* End PBXFrameworksBuildPhase section */

/* Begin PBXGroup section */
		3FF1EECC2E731A8400A7F0BA = {
			isa = PBXGroup;
			children = (
				3FF1EED72E731A8400A7F0BA /* CarDealer */,
				3FF1EEE82E731A8500A7F0BA /* CarDealerTests */,
				3FF1EEF22E731A8500A7F0BA /* CarDealerUITests */,
				3FF1EED62E731A8400A7F0BA /* Products */,
			);
			sourceTree = "<group>";
		};
		3FF1EED62E731A8400A7F0BA /* Products */ = {
			isa = PBXGroup;
			children = (
				3FF1EED52E731A8400A7F0BA /* CarDealer.app */,
				3FF1EEE52E731A8500A7F0BA /* CarDealerTests.xctest */,
				3FF1EEEF2E731A8500A7F0BA /* CarDealerUITests.xctest */,
			);
			name = Products;
			sourceTree = "<group>";
		};
		3FF1EED72E731A8400A7F0BA /* CarDealer */ = {
			isa = PBXGroup;
			children = (
				3F02CABB2E788AD200011C56 /* tabs.swift */,
				3F02CAA92E7871EF00011C56 /* session.swift */,
				3FF1EED82E731A8400A7F0BA /* CarDealerApp.swift */,
				3F02CAAB2E7872A700011C56 /* models.swift */,
				3FF1EEDA2E731A8400A7F0BA /* ContentView.swift */,
				3FF1EF3C2E733F3D00A7F0BA /* carCatalogueView.swift */,
				3FF1EF3E2E733F5800A7F0BA /* carListingView.swift */,
				3FF1EF382E731DF800A7F0BA /* signInView.swift */,
				3F02CAB92E787CC300011C56 /* cars.json */,
				3FF1EF3A2E731E0B00A7F0BA /* ProfileView.swift */,
				3F02CAAF2E78738300011C56 /* dto.swift */,
				3F02CAB72E7876F300011C56 /* JSONLoader.swift */,
				3F02CA9F2E786EDF00011C56 /* theme.swift */,
				3F02CAA12E786EF700011C56 /* environment.swift */,
				3F02CAA32E786F1100011C56 /* styles.swift */,
				3FF1EEDC2E731A8500A7F0BA /* Assets.xcassets */,
				3FF1EEDE2E731A8500A7F0BA /* Preview Content */,
			);
			path = CarDealer;
			sourceTree = "<group>";
		};
		3FF1EEDE2E731A8500A7F0BA /* Preview Content */ = {
			isa = PBXGroup;
			children = (
				3FF1EEDF2E731A8500A7F0BA /* Preview Assets.xcassets */,
			);
			path = "Preview Content";
			sourceTree = "<group>";
		};
		3FF1EEE82E731A8500A7F0BA /* CarDealerTests */ = {
			isa = PBXGroup;
			children = (
				3FF1EEE92E731A8500A7F0BA /* CarDealerTests.swift */,
			);
			path = CarDealerTests;
			sourceTree = "<group>";
		};
		3FF1EEF22E731A8500A7F0BA /* CarDealerUITests */ = {
			isa = PBXGroup;
			children = (
				3FF1EEF32E731A8500A7F0BA /* CarDealerUITests.swift */,
				3FF1EEF52E731A8500A7F0BA /* CarDealerUITestsLaunchTests.swift */,
			);
			path = CarDealerUITests;
			sourceTree = "<group>";
		};
/* End PBXGroup section */

/* Begin PBXNativeTarget section */
		3FF1EED42E731A8400A7F0BA /* CarDealer */ = {
			isa = PBXNativeTarget;
			buildConfigurationList = 3FF1EEF92E731A8500A7F0BA /* Build configuration list for PBXNativeTarget "CarDealer" */;
			buildPhases = (
				3FF1EED12E731A8400A7F0BA /* Sources */,
				3FF1EED22E731A8400A7F0BA /* Frameworks */,
				3FF1EED32E731A8400A7F0BA /* Resources */,
			);
			buildRules = (
			);
			dependencies = (
			);
			name = CarDealer;
			productName = CarDealer;
			productReference = 3FF1EED52E731A8400A7F0BA /* CarDealer.app */;
			productType = "com.apple.product-type.application";
		};
		3FF1EEE42E731A8500A7F0BA /* CarDealerTests */ = {
			isa = PBXNativeTarget;
			buildConfigurationList = 3FF1EEFC2E731A8500A7F0BA /* Build configuration list for PBXNativeTarget "CarDealerTests" */;
			buildPhases = (
				3FF1EEE12E731A8500A7F0BA /* Sources */,
				3FF1EEE22E731A8500A7F0BA /* Frameworks */,
				3FF1EEE32E731A8500A7F0BA /* Resources */,
			);
			buildRules = (
			);
			dependencies = (
				3FF1EEE72E731A8500A7F0BA /* PBXTargetDependency */,
			);
			name = CarDealerTests;
			productName = CarDealerTests;
			productReference = 3FF1EEE52E731A8500A7F0BA /* CarDealerTests.xctest */;
			productType = "com.apple.product-type.bundle.unit-test";
		};
		3FF1EEEE2E731A8500A7F0BA /* CarDealerUITests */ = {
			isa = PBXNativeTarget;
			buildConfigurationList = 3FF1EEFF2E731A8500A7F0BA /* Build configuration list for PBXNativeTarget "CarDealerUITests" */;
			buildPhases = (
				3FF1EEEB2E731A8500A7F0BA /* Sources */,
				3FF1EEEC2E731A8500A7F0BA /* Frameworks */,
				3FF1EEED2E731A8500A7F0BA /* Resources */,
			);
			buildRules = (
			);
			dependencies = (
				3FF1EEF12E731A8500A7F0BA /* PBXTargetDependency */,
			);
			name = CarDealerUITests;
			productName = CarDealerUITests;
			productReference = 3FF1EEEF2E731A8500A7F0BA /* CarDealerUITests.xctest */;
			productType = "com.apple.product-type.bundle.ui-testing";
		};
/* End PBXNativeTarget section */

/* Begin PBXProject section */
		3FF1EECD2E731A8400A7F0BA /* Project object */ = {
			isa = PBXProject;
			attributes = {
				BuildIndependentTargetsInParallel = 1;
				LastSwiftUpdateCheck = 1520;
				LastUpgradeCheck = 1520;
				TargetAttributes = {
					3FF1EED42E731A8400A7F0BA = {
						CreatedOnToolsVersion = 15.2;
					};
					3FF1EEE42E731A8500A7F0BA = {
						CreatedOnToolsVersion = 15.2;
						TestTargetID = 3FF1EED42E731A8400A7F0BA;
					};
					3FF1EEEE2E731A8500A7F0BA = {
						CreatedOnToolsVersion = 15.2;
						TestTargetID = 3FF1EED42E731A8400A7F0BA;
					};
				};
			};
			buildConfigurationList = 3FF1EED02E731A8400A7F0BA /* Build configuration list for PBXProject "CarDealer" */;
			compatibilityVersion = "Xcode 14.0";
			developmentRegion = en;
			hasScannedForEncodings = 0;
			knownRegions = (
				en,
				Base,
			);
			mainGroup = 3FF1EECC2E731A8400A7F0BA;
			productRefGroup = 3FF1EED62E731A8400A7F0BA /* Products */;
			projectDirPath = "";
			projectRoot = "";
			targets = (
				3FF1EED42E731A8400A7F0BA /* CarDealer */,
				3FF1EEE42E731A8500A7F0BA /* CarDealerTests */,
				3FF1EEEE2E731A8500A7F0BA /* CarDealerUITests */,
			);
		};
/* End PBXProject section */

/* Begin PBXResourcesBuildPhase section */
		3FF1EED32E731A8400A7F0BA /* Resources */ = {
			isa = PBXResourcesBuildPhase;
			buildActionMask = 2147483647;
			files = (
				3FF1EEE02E731A8500A7F0BA /* Preview Assets.xcassets in Resources */,
				3F02CABA2E787CC300011C56 /* cars.json in Resources */,
				3FF1EEDD2E731A8500A7F0BA /* Assets.xcassets in Resources */,
			);
			runOnlyForDeploymentPostprocessing = 0;
		};
		3FF1EEE32E731A8500A7F0BA /* Resources */ = {
			isa = PBXResourcesBuildPhase;
			buildActionMask = 2147483647;
			files = (
			);
			runOnlyForDeploymentPostprocessing = 0;
		};
		3FF1EEED2E731A8500A7F0BA /* Resources */ = {
			isa = PBXResourcesBuildPhase;
			buildActionMask = 2147483647;
			files = (
			);
			runOnlyForDeploymentPostprocessing = 0;
		};
/* End PBXResourcesBuildPhase section */

/* Begin PBXSourcesBuildPhase section */
		3FF1EED12E731A8400A7F0BA /* Sources */ = {
			isa = PBXSourcesBuildPhase;
			buildActionMask = 2147483647;
			files = (
				3FF1EF3D2E733F3D00A7F0BA /* carCatalogueView.swift in Sources */,
				3F02CAA22E786EFC00011C56 /* environment.swift in Sources */,
				3F02CAAA2E7871F200011C56 /* session.swift in Sources */,
				3F02CAB82E7876FA00011C56 /* JSONLoader.swift in Sources */,
				3FF1EF3B2E731E0B00A7F0BA /* ProfileView.swift in Sources */,
				3F02CABC2E788AD600011C56 /* tabs.swift in Sources */,
				3FF1EF392E731DF800A7F0BA /* signInView.swift in Sources */,
				3FF1EEDB2E731A8400A7F0BA /* ContentView.swift in Sources */,
				3F02CAA02E786EE500011C56 /* theme.swift in Sources */,
				3F02CAB02E78738700011C56 /* dto.swift in Sources */,
				3F02CAA42E786F1700011C56 /* styles.swift in Sources */,
				3FF1EF3F2E733F5800A7F0BA /* carListingView.swift in Sources */,
				3FF1EED92E731A8400A7F0BA /* CarDealerApp.swift in Sources */,
				3F02CAAC2E7872A900011C56 /* models.swift in Sources */,
			);
			runOnlyForDeploymentPostprocessing = 0;
		};
		3FF1EEE12E731A8500A7F0BA /* Sources */ = {
			isa = PBXSourcesBuildPhase;
			buildActionMask = 2147483647;
			files = (
				3FF1EEEA2E731A8500A7F0BA /* CarDealerTests.swift in Sources */,
			);
			runOnlyForDeploymentPostprocessing = 0;
		};
		3FF1EEEB2E731A8500A7F0BA /* Sources */ = {
			isa = PBXSourcesBuildPhase;
			buildActionMask = 2147483647;
			files = (
				3FF1EEF62E731A8500A7F0BA /* CarDealerUITestsLaunchTests.swift in Sources */,
				3FF1EEF42E731A8500A7F0BA /* CarDealerUITests.swift in Sources */,
			);
			runOnlyForDeploymentPostprocessing = 0;
		};
/* End PBXSourcesBuildPhase section */

/* Begin PBXTargetDependency section */
		3FF1EEE72E731A8500A7F0BA /* PBXTargetDependency */ = {
			isa = PBXTargetDependency;
			target = 3FF1EED42E731A8400A7F0BA /* CarDealer */;
			targetProxy = 3FF1EEE62E731A8500A7F0BA /* PBXContainerItemProxy */;
		};
		3FF1EEF12E731A8500A7F0BA /* PBXTargetDependency */ = {
			isa = PBXTargetDependency;
			target = 3FF1EED42E731A8400A7F0BA /* CarDealer */;
			targetProxy = 3FF1EEF02E731A8500A7F0BA /* PBXContainerItemProxy */;
		};
/* End PBXTargetDependency section */

/* Begin XCBuildConfiguration section */
		3FF1EEF72E731A8500A7F0BA /* Debug */ = {
			isa = XCBuildConfiguration;
			buildSettings = {
				ALWAYS_SEARCH_USER_PATHS = NO;
				ASSETCATALOG_COMPILER_GENERATE_SWIFT_ASSET_SYMBOL_EXTENSIONS = YES;
				CLANG_ANALYZER_NONNULL = YES;
				CLANG_ANALYZER_NUMBER_OBJECT_CONVERSION = YES_AGGRESSIVE;
				CLANG_CXX_LANGUAGE_STANDARD = "gnu++20";
				CLANG_ENABLE_MODULES = YES;
				CLANG_ENABLE_OBJC_ARC = YES;
				CLANG_ENABLE_OBJC_WEAK = YES;
				CLANG_WARN_BLOCK_CAPTURE_AUTORELEASING = YES;
				CLANG_WARN_BOOL_CONVERSION = YES;
				CLANG_WARN_COMMA = YES;
				CLANG_WARN_CONSTANT_CONVERSION = YES;
				CLANG_WARN_DEPRECATED_OBJC_IMPLEMENTATIONS = YES;
				CLANG_WARN_DIRECT_OBJC_ISA_USAGE = YES_ERROR;
				CLANG_WARN_DOCUMENTATION_COMMENTS = YES;
				CLANG_WARN_EMPTY_BODY = YES;
				CLANG_WARN_ENUM_CONVERSION = YES;
				CLANG_WARN_INFINITE_RECURSION = YES;
				CLANG_WARN_INT_CONVERSION = YES;
				CLANG_WARN_NON_LITERAL_NULL_CONVERSION = YES;
				CLANG_WARN_OBJC_IMPLICIT_RETAIN_SELF = YES;
				CLANG_WARN_OBJC_LITERAL_CONVERSION = YES;
				CLANG_WARN_OBJC_ROOT_CLASS = YES_ERROR;
				CLANG_WARN_QUOTED_INCLUDE_IN_FRAMEWORK_HEADER = YES;
				CLANG_WARN_RANGE_LOOP_ANALYSIS = YES;
				CLANG_WARN_STRICT_PROTOTYPES = YES;
				CLANG_WARN_SUSPICIOUS_MOVE = YES;
				CLANG_WARN_UNGUARDED_AVAILABILITY = YES_AGGRESSIVE;
				CLANG_WARN_UNREACHABLE_CODE = YES;
				CLANG_WARN__DUPLICATE_METHOD_MATCH = YES;
				COPY_PHASE_STRIP = NO;
				DEBUG_INFORMATION_FORMAT = dwarf;
				ENABLE_STRICT_OBJC_MSGSEND = YES;
				ENABLE_TESTABILITY = YES;
				ENABLE_USER_SCRIPT_SANDBOXING = YES;
				GCC_C_LANGUAGE_STANDARD = gnu17;
				GCC_DYNAMIC_NO_PIC = NO;
				GCC_NO_COMMON_BLOCKS = YES;
				GCC_OPTIMIZATION_LEVEL = 0;
				GCC_PREPROCESSOR_DEFINITIONS = (
					"DEBUG=1",
					"$(inherited)",
				);
				GCC_WARN_64_TO_32_BIT_CONVERSION = YES;
				GCC_WARN_ABOUT_RETURN_TYPE = YES_ERROR;
				GCC_WARN_UNDECLARED_SELECTOR = YES;
				GCC_WARN_UNINITIALIZED_AUTOS = YES_AGGRESSIVE;
				GCC_WARN_UNUSED_FUNCTION = YES;
				GCC_WARN_UNUSED_VARIABLE = YES;
				IPHONEOS_DEPLOYMENT_TARGET = 17.2;
				LOCALIZATION_PREFERS_STRING_CATALOGS = YES;
				MTL_ENABLE_DEBUG_INFO = INCLUDE_SOURCE;
				MTL_FAST_MATH = YES;
				ONLY_ACTIVE_ARCH = YES;
				SDKROOT = iphoneos;
				SWIFT_ACTIVE_COMPILATION_CONDITIONS = "DEBUG $(inherited)";
				SWIFT_OPTIMIZATION_LEVEL = "-Onone";
			};
			name = Debug;
		};
		3FF1EEF82E731A8500A7F0BA /* Release */ = {
			isa = XCBuildConfiguration;
			buildSettings = {
				ALWAYS_SEARCH_USER_PATHS = NO;
				ASSETCATALOG_COMPILER_GENERATE_SWIFT_ASSET_SYMBOL_EXTENSIONS = YES;
				CLANG_ANALYZER_NONNULL = YES;
				CLANG_ANALYZER_NUMBER_OBJECT_CONVERSION = YES_AGGRESSIVE;
				CLANG_CXX_LANGUAGE_STANDARD = "gnu++20";
				CLANG_ENABLE_MODULES = YES;
				CLANG_ENABLE_OBJC_ARC = YES;
				CLANG_ENABLE_OBJC_WEAK = YES;
				CLANG_WARN_BLOCK_CAPTURE_AUTORELEASING = YES;
				CLANG_WARN_BOOL_CONVERSION = YES;
				CLANG_WARN_COMMA = YES;
				CLANG_WARN_CONSTANT_CONVERSION = YES;
				CLANG_WARN_DEPRECATED_OBJC_IMPLEMENTATIONS = YES;
				CLANG_WARN_DIRECT_OBJC_ISA_USAGE = YES_ERROR;
				CLANG_WARN_DOCUMENTATION_COMMENTS = YES;
				CLANG_WARN_EMPTY_BODY = YES;
				CLANG_WARN_ENUM_CONVERSION = YES;
				CLANG_WARN_INFINITE_RECURSION = YES;
				CLANG_WARN_INT_CONVERSION = YES;
				CLANG_WARN_NON_LITERAL_NULL_CONVERSION = YES;
				CLANG_WARN_OBJC_IMPLICIT_RETAIN_SELF = YES;
				CLANG_WARN_OBJC_LITERAL_CONVERSION = YES;
				CLANG_WARN_OBJC_ROOT_CLASS = YES_ERROR;
				CLANG_WARN_QUOTED_INCLUDE_IN_FRAMEWORK_HEADER = YES;
				CLANG_WARN_RANGE_LOOP_ANALYSIS = YES;
				CLANG_WARN_STRICT_PROTOTYPES = YES;
				CLANG_WARN_SUSPICIOUS_MOVE = YES;
				CLANG_WARN_UNGUARDED_AVAILABILITY = YES_AGGRESSIVE;
				CLANG_WARN_UNREACHABLE_CODE = YES;
				CLANG_WARN__DUPLICATE_METHOD_MATCH = YES;
				COPY_PHASE_STRIP = NO;
				DEBUG_INFORMATION_FORMAT = "dwarf-with-dsym";
				ENABLE_NS_ASSERTIONS = NO;
				ENABLE_STRICT_OBJC_MSGSEND = YES;
				ENABLE_USER_SCRIPT_SANDBOXING = YES;
				GCC_C_LANGUAGE_STANDARD = gnu17;
				GCC_NO_COMMON_BLOCKS = YES;
				GCC_WARN_64_TO_32_BIT_CONVERSION = YES;
				GCC_WARN_ABOUT_RETURN_TYPE = YES_ERROR;
				GCC_WARN_UNDECLARED_SELECTOR = YES;
				GCC_WARN_UNINITIALIZED_AUTOS = YES_AGGRESSIVE;
				GCC_WARN_UNUSED_FUNCTION = YES;
				GCC_WARN_UNUSED_VARIABLE = YES;
				IPHONEOS_DEPLOYMENT_TARGET = 17.2;
				LOCALIZATION_PREFERS_STRING_CATALOGS = YES;
				MTL_ENABLE_DEBUG_INFO = NO;
				MTL_FAST_MATH = YES;
				SDKROOT = iphoneos;
				SWIFT_COMPILATION_MODE = wholemodule;
				VALIDATE_PRODUCT = YES;
			};
			name = Release;
		};
		3FF1EEFA2E731A8500A7F0BA /* Debug */ = {
			isa = XCBuildConfiguration;
			buildSettings = {
				ASSETCATALOG_COMPILER_APPICON_NAME = AppIcon;
				ASSETCATALOG_COMPILER_GLOBAL_ACCENT_COLOR_NAME = AccentColor;
				CODE_SIGN_STYLE = Automatic;
				CURRENT_PROJECT_VERSION = 1;
				DEVELOPMENT_ASSET_PATHS = "\"CarDealer/Preview Content\"";
				ENABLE_PREVIEWS = YES;
				GENERATE_INFOPLIST_FILE = YES;
				INFOPLIST_KEY_UIApplicationSceneManifest_Generation = YES;
				INFOPLIST_KEY_UIApplicationSupportsIndirectInputEvents = YES;
				INFOPLIST_KEY_UILaunchScreen_Generation = YES;
				INFOPLIST_KEY_UISupportedInterfaceOrientations_iPad = "UIInterfaceOrientationPortrait UIInterfaceOrientationPortraitUpsideDown UIInterfaceOrientationLandscapeLeft UIInterfaceOrientationLandscapeRight";
				INFOPLIST_KEY_UISupportedInterfaceOrientations_iPhone = "UIInterfaceOrientationPortrait UIInterfaceOrientationLandscapeLeft UIInterfaceOrientationLandscapeRight";
				LD_RUNPATH_SEARCH_PATHS = (
					"$(inherited)",
					"@executable_path/Frameworks",
				);
				MARKETING_VERSION = 1.0;
				PRODUCT_BUNDLE_IDENTIFIER = com.HykerK.CarDealer;
				PRODUCT_NAME = "$(TARGET_NAME)";
				SWIFT_EMIT_LOC_STRINGS = YES;
				SWIFT_VERSION = 5.0;
				TARGETED_DEVICE_FAMILY = "1,2";
			};
			name = Debug;
		};
		3FF1EEFB2E731A8500A7F0BA /* Release */ = {
			isa = XCBuildConfiguration;
			buildSettings = {
				ASSETCATALOG_COMPILER_APPICON_NAME = AppIcon;
				ASSETCATALOG_COMPILER_GLOBAL_ACCENT_COLOR_NAME = AccentColor;
				CODE_SIGN_STYLE = Automatic;
				CURRENT_PROJECT_VERSION = 1;
				DEVELOPMENT_ASSET_PATHS = "\"CarDealer/Preview Content\"";
				ENABLE_PREVIEWS = YES;
				GENERATE_INFOPLIST_FILE = YES;
				INFOPLIST_KEY_UIApplicationSceneManifest_Generation = YES;
				INFOPLIST_KEY_UIApplicationSupportsIndirectInputEvents = YES;
				INFOPLIST_KEY_UILaunchScreen_Generation = YES;
				INFOPLIST_KEY_UISupportedInterfaceOrientations_iPad = "UIInterfaceOrientationPortrait UIInterfaceOrientationPortraitUpsideDown UIInterfaceOrientationLandscapeLeft UIInterfaceOrientationLandscapeRight";
				INFOPLIST_KEY_UISupportedInterfaceOrientations_iPhone = "UIInterfaceOrientationPortrait UIInterfaceOrientationLandscapeLeft UIInterfaceOrientationLandscapeRight";
				LD_RUNPATH_SEARCH_PATHS = (
					"$(inherited)",
					"@executable_path/Frameworks",
				);
				MARKETING_VERSION = 1.0;
				PRODUCT_BUNDLE_IDENTIFIER = com.HykerK.CarDealer;
				PRODUCT_NAME = "$(TARGET_NAME)";
				SWIFT_EMIT_LOC_STRINGS = YES;
				SWIFT_VERSION = 5.0;
				TARGETED_DEVICE_FAMILY = "1,2";
			};
			name = Release;
		};
		3FF1EEFD2E731A8500A7F0BA /* Debug */ = {
			isa = XCBuildConfiguration;
			buildSettings = {
				ALWAYS_EMBED_SWIFT_STANDARD_LIBRARIES = YES;
				BUNDLE_LOADER = "$(TEST_HOST)";
				CODE_SIGN_STYLE = Automatic;
				CURRENT_PROJECT_VERSION = 1;
				GENERATE_INFOPLIST_FILE = YES;
				IPHONEOS_DEPLOYMENT_TARGET = 17.2;
				MARKETING_VERSION = 1.0;
				PRODUCT_BUNDLE_IDENTIFIER = com.HykerK.CarDealerTests;
				PRODUCT_NAME = "$(TARGET_NAME)";
				SWIFT_EMIT_LOC_STRINGS = NO;
				SWIFT_VERSION = 5.0;
				TARGETED_DEVICE_FAMILY = "1,2";
				TEST_HOST = "$(BUILT_PRODUCTS_DIR)/CarDealer.app/$(BUNDLE_EXECUTABLE_FOLDER_PATH)/CarDealer";
			};
			name = Debug;
		};
		3FF1EEFE2E731A8500A7F0BA /* Release */ = {
			isa = XCBuildConfiguration;
			buildSettings = {
				ALWAYS_EMBED_SWIFT_STANDARD_LIBRARIES = YES;
				BUNDLE_LOADER = "$(TEST_HOST)";
				CODE_SIGN_STYLE = Automatic;
				CURRENT_PROJECT_VERSION = 1;
				GENERATE_INFOPLIST_FILE = YES;
				IPHONEOS_DEPLOYMENT_TARGET = 17.2;
				MARKETING_VERSION = 1.0;
				PRODUCT_BUNDLE_IDENTIFIER = com.HykerK.CarDealerTests;
				PRODUCT_NAME = "$(TARGET_NAME)";
				SWIFT_EMIT_LOC_STRINGS = NO;
				SWIFT_VERSION = 5.0;
				TARGETED_DEVICE_FAMILY = "1,2";
				TEST_HOST = "$(BUILT_PRODUCTS_DIR)/CarDealer.app/$(BUNDLE_EXECUTABLE_FOLDER_PATH)/CarDealer";
			};
			name = Release;
		};
		3FF1EF002E731A8500A7F0BA /* Debug */ = {
			isa = XCBuildConfiguration;
			buildSettings = {
				ALWAYS_EMBED_SWIFT_STANDARD_LIBRARIES = YES;
				CODE_SIGN_STYLE = Automatic;
				CURRENT_PROJECT_VERSION = 1;
				GENERATE_INFOPLIST_FILE = YES;
				MARKETING_VERSION = 1.0;
				PRODUCT_BUNDLE_IDENTIFIER = com.HykerK.CarDealerUITests;
				PRODUCT_NAME = "$(TARGET_NAME)";
				SWIFT_EMIT_LOC_STRINGS = NO;
				SWIFT_VERSION = 5.0;
				TARGETED_DEVICE_FAMILY = "1,2";
				TEST_TARGET_NAME = CarDealer;
			};
			name = Debug;
		};
		3FF1EF012E731A8500A7F0BA /* Release */ = {
			isa = XCBuildConfiguration;
			buildSettings = {
				ALWAYS_EMBED_SWIFT_STANDARD_LIBRARIES = YES;
				CODE_SIGN_STYLE = Automatic;
				CURRENT_PROJECT_VERSION = 1;
				GENERATE_INFOPLIST_FILE = YES;
				MARKETING_VERSION = 1.0;
				PRODUCT_BUNDLE_IDENTIFIER = com.HykerK.CarDealerUITests;
				PRODUCT_NAME = "$(TARGET_NAME)";
				SWIFT_EMIT_LOC_STRINGS = NO;
				SWIFT_VERSION = 5.0;
				TARGETED_DEVICE_FAMILY = "1,2";
				TEST_TARGET_NAME = CarDealer;
			};
			name = Release;
		};
/* End XCBuildConfiguration section */

/* Begin XCConfigurationList section */
		3FF1EED02E731A8400A7F0BA /* Build configuration list for PBXProject "CarDealer" */ = {
			isa = XCConfigurationList;
			buildConfigurations = (
				3FF1EEF72E731A8500A7F0BA /* Debug */,
				3FF1EEF82E731A8500A7F0BA /* Release */,
			);
			defaultConfigurationIsVisible = 0;
			defaultConfigurationName = Release;
		};
		3FF1EEF92E731A8500A7F0BA /* Build configuration list for PBXNativeTarget "CarDealer" */ = {
			isa = XCConfigurationList;
			buildConfigurations = (
				3FF1EEFA2E731A8500A7F0BA /* Debug */,
				3FF1EEFB2E731A8500A7F0BA /* Release */,
			);
			defaultConfigurationIsVisible = 0;
			defaultConfigurationName = Release;
		};
		3FF1EEFC2E731A8500A7F0BA /* Build configuration list for PBXNativeTarget "CarDealerTests" */ = {
			isa = XCConfigurationList;
			buildConfigurations = (
				3FF1EEFD2E731A8500A7F0BA /* Debug */,
				3FF1EEFE2E731A8500A7F0BA /* Release */,
			);
			defaultConfigurationIsVisible = 0;
			defaultConfigurationName = Release;
		};
		3FF1EEFF2E731A8500A7F0BA /* Build configuration list for PBXNativeTarget "CarDealerUITests" */ = {
			isa = XCConfigurationList;
			buildConfigurations = (
				3FF1EF002E731A8500A7F0BA /* Debug */,
				3FF1EF012E731A8500A7F0BA /* Release */,
			);
			defaultConfigurationIsVisible = 0;
			defaultConfigurationName = Release;
		};
/* End XCConfigurationList section */
	};
	rootObject = 3FF1EECD2E731A8400A7F0BA /* Project object */;
}
